// !$*UTF8*$!
{
	archiveVersion = 1;
	classes = {
	};
	objectVersion = 50;
	objects = {

/* Begin PBXBuildFile section */
		ABE69DD0213DE95800C7206D /* AppDelegate.swift in Sources */ = {isa = PBXBuildFile; fileRef = ABE69DCF213DE95800C7206D /* AppDelegate.swift */; };
		ABE69DD2213DE95800C7206D /* ViewController.swift in Sources */ = {isa = PBXBuildFile; fileRef = ABE69DD1213DE95800C7206D /* ViewController.swift */; };
		ABE69DD5213DE95800C7206D /* Main.storyboard in Resources */ = {isa = PBXBuildFile; fileRef = ABE69DD3213DE95800C7206D /* Main.storyboard */; };
		ABE69DD7213DE95B00C7206D /* Assets.xcassets in Resources */ = {isa = PBXBuildFile; fileRef = ABE69DD6213DE95B00C7206D /* Assets.xcassets */; };
		ABE69DDA213DE95B00C7206D /* LaunchScreen.storyboard in Resources */ = {isa = PBXBuildFile; fileRef = ABE69DD8213DE95B00C7206D /* LaunchScreen.storyboard */; };
		ABE69DE2213DEA6800C7206D /* Model.swift in Sources */ = {isa = PBXBuildFile; fileRef = ABE69DE1213DEA6800C7206D /* Model.swift */; };
		ABE69DE4213DEA9500C7206D /* 64x64.png in Resources */ = {isa = PBXBuildFile; fileRef = ABE69DE3213DEA9500C7206D /* 64x64.png */; };
		ABE69DE6213DEAB000C7206D /* example-data in Resources */ = {isa = PBXBuildFile; fileRef = ABE69DE5213DEAB000C7206D /* example-data */; };
		ABE69DEA213DF6E300C7206D /* TableCell.swift in Sources */ = {isa = PBXBuildFile; fileRef = ABE69DE9213DF6E300C7206D /* TableCell.swift */; };
/* End PBXBuildFile section */

/* Begin PBXFileReference section */
		ABE69DCC213DE95800C7206D /* testWork.app */ = {isa = PBXFileReference; explicitFileType = wrapper.application; includeInIndex = 0; path = testWork.app; sourceTree = BUILT_PRODUCTS_DIR; };
		ABE69DCF213DE95800C7206D /* AppDelegate.swift */ = {isa = PBXFileReference; lastKnownFileType = sourcecode.swift; path = AppDelegate.swift; sourceTree = "<group>"; };
		ABE69DD1213DE95800C7206D /* ViewController.swift */ = {isa = PBXFileReference; lastKnownFileType = sourcecode.swift; path = ViewController.swift; sourceTree = "<group>"; };
		ABE69DD4213DE95800C7206D /* Base */ = {isa = PBXFileReference; lastKnownFileType = file.storyboard; name = Base; path = Base.lproj/Main.storyboard; sourceTree = "<group>"; };
		ABE69DD6213DE95B00C7206D /* Assets.xcassets */ = {isa = PBXFileReference; lastKnownFileType = folder.assetcatalog; path = Assets.xcassets; sourceTree = "<group>"; };
		ABE69DD9213DE95B00C7206D /* Base */ = {isa = PBXFileReference; lastKnownFileType = file.storyboard; name = Base; path = Base.lproj/LaunchScreen.storyboard; sourceTree = "<group>"; };
		ABE69DDB213DE95B00C7206D /* Info.plist */ = {isa = PBXFileReference; lastKnownFileType = text.plist.xml; path = Info.plist; sourceTree = "<group>"; };
		ABE69DE1213DEA6800C7206D /* Model.swift */ = {isa = PBXFileReference; lastKnownFileType = sourcecode.swift; path = Model.swift; sourceTree = "<group>"; };
		ABE69DE3213DEA9500C7206D /* 64x64.png */ = {isa = PBXFileReference; lastKnownFileType = image.png; path = 64x64.png; sourceTree = "<group>"; };
		ABE69DE5213DEAB000C7206D /* example-data */ = {isa = PBXFileReference; lastKnownFileType = folder; path = "example-data"; sourceTree = "<group>"; };
		ABE69DE9213DF6E300C7206D /* TableCell.swift */ = {isa = PBXFileReference; lastKnownFileType = sourcecode.swift; path = TableCell.swift; sourceTree = "<group>"; };
/* End PBXFileReference section */

/* Begin PBXFrameworksBuildPhase section */
		ABE69DC9213DE95800C7206D /* Frameworks */ = {
			isa = PBXFrameworksBuildPhase;
			buildActionMask = 2147483647;
			files = (
			);
			runOnlyForDeploymentPostprocessing = 0;
		};
/* End PBXFrameworksBuildPhase section */

/* Begin PBXGroup section */
		ABE69DC3213DE95800C7206D = {
			isa = PBXGroup;
			children = (
				ABE69DE5213DEAB000C7206D /* example-data */,
				ABE69DCE213DE95800C7206D /* testWork */,
				ABE69DCD213DE95800C7206D /* Products */,
			);
			sourceTree = "<group>";
		};
		ABE69DCD213DE95800C7206D /* Products */ = {
			isa = PBXGroup;
			children = (
				ABE69DCC213DE95800C7206D /* testWork.app */,
			);
			name = Products;
			sourceTree = "<group>";
		};
		ABE69DCE213DE95800C7206D /* testWork */ = {
			isa = PBXGroup;
			children = (
				ABE69DCF213DE95800C7206D /* AppDelegate.swift */,
				ABE69DD1213DE95800C7206D /* ViewController.swift */,
				ABE69DE1213DEA6800C7206D /* Model.swift */,
				ABE69DE9213DF6E300C7206D /* TableCell.swift */,
				ABE69DD3213DE95800C7206D /* Main.storyboard */,
				ABE69DD6213DE95B00C7206D /* Assets.xcassets */,
				ABE69DD8213DE95B00C7206D /* LaunchScreen.storyboard */,
				ABE69DDB213DE95B00C7206D /* Info.plist */,
				ABE69DE3213DEA9500C7206D /* 64x64.png */,
			);
			path = testWork;
			sourceTree = "<group>";
		};
/* End PBXGroup section */

/* Begin PBXNativeTarget section */
		ABE69DCB213DE95800C7206D /* testWork */ = {
			isa = PBXNativeTarget;
			buildConfigurationList = ABE69DDE213DE95B00C7206D /* Build configuration list for PBXNativeTarget "testWork" */;
			buildPhases = (
				ABE69DC8213DE95800C7206D /* Sources */,
				ABE69DC9213DE95800C7206D /* Frameworks */,
				ABE69DCA213DE95800C7206D /* Resources */,
				ABE69DE7213DEBFB00C7206D /* ShellScript */,
			);
			buildRules = (
			);
			dependencies = (
			);
			name = testWork;
			productName = testWork;
			productReference = ABE69DCC213DE95800C7206D /* testWork.app */;
			productType = "com.apple.product-type.application";
		};
/* End PBXNativeTarget section */

/* Begin PBXProject section */
		ABE69DC4213DE95800C7206D /* Project object */ = {
			isa = PBXProject;
			attributes = {
				LastSwiftUpdateCheck = 0940;
				LastUpgradeCheck = 0940;
				ORGANIZATIONNAME = yakuza;
				TargetAttributes = {
					ABE69DCB213DE95800C7206D = {
						CreatedOnToolsVersion = 9.4.1;
					};
				};
			};
			buildConfigurationList = ABE69DC7213DE95800C7206D /* Build configuration list for PBXProject "testWork" */;
			compatibilityVersion = "Xcode 9.3";
			developmentRegion = en;
			hasScannedForEncodings = 0;
			knownRegions = (
				en,
				Base,
			);
			mainGroup = ABE69DC3213DE95800C7206D;
			productRefGroup = ABE69DCD213DE95800C7206D /* Products */;
			projectDirPath = "";
			projectRoot = "";
			targets = (
				ABE69DCB213DE95800C7206D /* testWork */,
			);
		};
/* End PBXProject section */

/* Begin PBXResourcesBuildPhase section */
		ABE69DCA213DE95800C7206D /* Resources */ = {
			isa = PBXResourcesBuildPhase;
			buildActionMask = 2147483647;
			files = (
				ABE69DE6213DEAB000C7206D /* example-data in Resources */,
				ABE69DE4213DEA9500C7206D /* 64x64.png in Resources */,
				ABE69DDA213DE95B00C7206D /* LaunchScreen.storyboard in Resources */,
				ABE69DD7213DE95B00C7206D /* Assets.xcassets in Resources */,
				ABE69DD5213DE95800C7206D /* Main.storyboard in Resources */,
			);
			runOnlyForDeploymentPostprocessing = 0;
		};
/* End PBXResourcesBuildPhase section */

/* Begin PBXShellScriptBuildPhase section */
		ABE69DE7213DEBFB00C7206D /* ShellScript */ = {
			isa = PBXShellScriptBuildPhase;
			buildActionMask = 2147483647;
			files = (
			);
			inputPaths = (
				"$(SRCROOT)/example-data",
				"",
			);
			outputPaths = (
				"$(DERIVED_FILE_DIR)/Models.swift",
			);
			runOnlyForDeploymentPostprocessing = 0;
			shellPath = /bin/sh;
			shellScript = "";
		};
/* End PBXShellScriptBuildPhase section */

/* Begin PBXSourcesBuildPhase section */
		ABE69DC8213DE95800C7206D /* Sources */ = {
			isa = PBXSourcesBuildPhase;
			buildActionMask = 2147483647;
			files = (
				ABE69DE2213DEA6800C7206D /* Model.swift in Sources */,
				ABE69DD2213DE95800C7206D /* ViewController.swift in Sources */,
				ABE69DEA213DF6E300C7206D /* TableCell.swift in Sources */,
				ABE69DD0213DE95800C7206D /* AppDelegate.swift in Sources */,
			);
			runOnlyForDeploymentPostprocessing = 0;
		};
/* End PBXSourcesBuildPhase section */

/* Begin PBXVariantGroup section */
		ABE69DD3213DE95800C7206D /* Main.storyboard */ = {
			isa = PBXVariantGroup;
			children = (
				ABE69DD4213DE95800C7206D /* Base */,
			);
			name = Main.storyboard;
			sourceTree = "<group>";
		};
		ABE69DD8213DE95B00C7206D /* LaunchScreen.storyboard */ = {
			isa = PBXVariantGroup;
			children = (
				ABE69DD9213DE95B00C7206D /* Base */,
			);
			name = LaunchScreen.storyboard;
			sourceTree = "<group>";
		};
/* End PBXVariantGroup section */

/* Begin XCBuildConfiguration section */
		ABE69DDC213DE95B00C7206D /* Debug */ = {
			isa = XCBuildConfiguration;
			buildSettings = {
				ALWAYS_SEARCH_USER_PATHS = NO;
				CLANG_ANALYZER_NONNULL = YES;
				CLANG_ANALYZER_NUMBER_OBJECT_CONVERSION = YES_AGGRESSIVE;
				CLANG_CXX_LANGUAGE_STANDARD = "gnu++14";
				CLANG_CXX_LIBRARY = "libc++";
				CLANG_ENABLE_MODULES = YES;
				CLANG_ENABLE_OBJC_ARC = YES;
				CLANG_ENABLE_OBJC_WEAK = YES;
				CLANG_WARN_BLOCK_CAPTURE_AUTORELEASING = YES;
				CLANG_WARN_BOOL_CONVERSION = YES;
				CLANG_WARN_COMMA = YES;
				CLANG_WARN_CONSTANT_CONVERSION = YES;
				CLANG_WARN_DEPRECATED_OBJC_IMPLEMENTATIONS = YES;
				CLANG_WARN_DIRECT_OBJC_ISA_USAGE = YES_ERROR;
				CLANG_WARN_DOCUMENTATION_COMMENTS = YES;
				CLANG_WARN_EMPTY_BODY = YES;
				CLANG_WARN_ENUM_CONVERSION = YES;
				CLANG_WARN_INFINITE_RECURSION = YES;
				CLANG_WARN_INT_CONVERSION = YES;
				CLANG_WARN_NON_LITERAL_NULL_CONVERSION = YES;
				CLANG_WARN_OBJC_IMPLICIT_RETAIN_SELF = YES;
				CLANG_WARN_OBJC_LITERAL_CONVERSION = YES;
				CLANG_WARN_OBJC_ROOT_CLASS = YES_ERROR;
				CLANG_WARN_RANGE_LOOP_ANALYSIS = YES;
				CLANG_WARN_STRICT_PROTOTYPES = YES;
				CLANG_WARN_SUSPICIOUS_MOVE = YES;
				CLANG_WARN_UNGUARDED_AVAILABILITY = YES_AGGRESSIVE;
				CLANG_WARN_UNREACHABLE_CODE = YES;
				CLANG_WARN__DUPLICATE_METHOD_MATCH = YES;
				CODE_SIGN_IDENTITY = "iPhone Developer";
				COPY_PHASE_STRIP = NO;
				DEBUG_INFORMATION_FORMAT = dwarf;
				ENABLE_STRICT_OBJC_MSGSEND = YES;
				ENABLE_TESTABILITY = YES;
				GCC_C_LANGUAGE_STANDARD = gnu11;
				GCC_DYNAMIC_NO_PIC = NO;
				GCC_NO_COMMON_BLOCKS = YES;
				GCC_OPTIMIZATION_LEVEL = 0;
				GCC_PREPROCESSOR_DEFINITIONS = (
					"DEBUG=1",
					"$(inherited)",
				);
				GCC_WARN_64_TO_32_BIT_CONVERSION = YES;
				GCC_WARN_ABOUT_RETURN_TYPE = YES_ERROR;
				GCC_WARN_UNDECLARED_SELECTOR = YES;
				GCC_WARN_UNINITIALIZED_AUTOS = YES_AGGRESSIVE;
				GCC_WARN_UNUSED_FUNCTION = YES;
				GCC_WARN_UNUSED_VARIABLE = YES;
				IPHONEOS_DEPLOYMENT_TARGET = 11.4;
				MTL_ENABLE_DEBUG_INFO = YES;
				ONLY_ACTIVE_ARCH = YES;
				SDKROOT = iphoneos;
				SWIFT_ACTIVE_COMPILATION_CONDITIONS = DEBUG;
				SWIFT_OPTIMIZATION_LEVEL = "-Onone";
			};
			name = Debug;
		};
		ABE69DDD213DE95B00C7206D /* Release */ = {
			isa = XCBuildConfiguration;
			buildSettings = {
				ALWAYS_SEARCH_USER_PATHS = NO;
				CLANG_ANALYZER_NONNULL = YES;
				CLANG_ANALYZER_NUMBER_OBJECT_CONVERSION = YES_AGGRESSIVE;
				CLANG_CXX_LANGUAGE_STANDARD = "gnu++14";
				CLANG_CXX_LIBRARY = "libc++";
				CLANG_ENABLE_MODULES = YES;
				CLANG_ENABLE_OBJC_ARC = YES;
				CLANG_ENABLE_OBJC_WEAK = YES;
				CLANG_WARN_BLOCK_CAPTURE_AUTORELEASING = YES;
				CLANG_WARN_BOOL_CONVERSION = YES;
				CLANG_WARN_COMMA = YES;
				CLANG_WARN_CONSTANT_CONVERSION = YES;
				CLANG_WARN_DEPRECATED_OBJC_IMPLEMENTATIONS = YES;
				CLANG_WARN_DIRECT_OBJC_ISA_USAGE = YES_ERROR;
				CLANG_WARN_DOCUMENTATION_COMMENTS = YES;
				CLANG_WARN_EMPTY_BODY = YES;
				CLANG_WARN_ENUM_CONVERSION = YES;
				CLANG_WARN_INFINITE_RECURSION = YES;
				CLANG_WARN_INT_CONVERSION = YES;
				CLANG_WARN_NON_LITERAL_NULL_CONVERSION = YES;
				CLANG_WARN_OBJC_IMPLICIT_RETAIN_SELF = YES;
				CLANG_WARN_OBJC_LITERAL_CONVERSION = YES;
				CLANG_WARN_OBJC_ROOT_CLASS = YES_ERROR;
				CLANG_WARN_RANGE_LOOP_ANALYSIS = YES;
				CLANG_WARN_STRICT_PROTOTYPES = YES;
				CLANG_WARN_SUSPICIOUS_MOVE = YES;
				CLANG_WARN_UNGUARDED_AVAILABILITY = YES_AGGRESSIVE;
				CLANG_WARN_UNREACHABLE_CODE = YES;
				CLANG_WARN__DUPLICATE_METHOD_MATCH = YES;
				CODE_SIGN_IDENTITY = "iPhone Developer";
				COPY_PHASE_STRIP = NO;
				DEBUG_INFORMATION_FORMAT = "dwarf-with-dsym";
				ENABLE_NS_ASSERTIONS = NO;
				ENABLE_STRICT_OBJC_MSGSEND = YES;
				GCC_C_LANGUAGE_STANDARD = gnu11;
				GCC_NO_COMMON_BLOCKS = YES;
				GCC_WARN_64_TO_32_BIT_CONVERSION = YES;
				GCC_WARN_ABOUT_RETURN_TYPE = YES_ERROR;
				GCC_WARN_UNDECLARED_SELECTOR = YES;
				GCC_WARN_UNINITIALIZED_AUTOS = YES_AGGRESSIVE;
				GCC_WARN_UNUSED_FUNCTION = YES;
				GCC_WARN_UNUSED_VARIABLE = YES;
				IPHONEOS_DEPLOYMENT_TARGET = 11.4;
				MTL_ENABLE_DEBUG_INFO = NO;
				SDKROOT = iphoneos;
				SWIFT_COMPILATION_MODE = wholemodule;
				SWIFT_OPTIMIZATION_LEVEL = "-O";
				VALIDATE_PRODUCT = YES;
			};
			name = Release;
		};
		ABE69DDF213DE95B00C7206D /* Debug */ = {
			isa = XCBuildConfiguration;
			buildSettings = {
				ASSETCATALOG_COMPILER_APPICON_NAME = AppIcon;
				CODE_SIGN_STYLE = Automatic;
				DEVELOPMENT_TEAM = J2QE2TYMG9;
				INFOPLIST_FILE = testWork/Info.plist;
				LD_RUNPATH_SEARCH_PATHS = (
					"$(inherited)",
					"@executable_path/Frameworks",
				);
				PRODUCT_BUNDLE_IDENTIFIER = com.yakuza.testWork;
				PRODUCT_NAME = "$(TARGET_NAME)";
				SWIFT_VERSION = 4.0;
				TARGETED_DEVICE_FAMILY = "1,2";
			};
			name = Debug;
		};
		ABE69DE0213DE95B00C7206D /* Release */ = {
			isa = XCBuildConfiguration;
			buildSettings = {
				ASSETCATALOG_COMPILER_APPICON_NAME = AppIcon;
				CODE_SIGN_STYLE = Automatic;
				DEVELOPMENT_TEAM = J2QE2TYMG9;
				INFOPLIST_FILE = testWork/Info.plist;
				LD_RUNPATH_SEARCH_PATHS = (
					"$(inherited)",
					"@executable_path/Frameworks",
				);
				PRODUCT_BUNDLE_IDENTIFIER = com.yakuza.testWork;
				PRODUCT_NAME = "$(TARGET_NAME)";
				SWIFT_VERSION = 4.0;
				TARGETED_DEVICE_FAMILY = "1,2";
			};
			name = Release;
		};
/* End XCBuildConfiguration section */

/* Begin XCConfigurationList section */
		ABE69DC7213DE95800C7206D /* Build configuration list for PBXProject "testWork" */ = {
			isa = XCConfigurationList;
			buildConfigurations = (
				ABE69DDC213DE95B00C7206D /* Debug */,
				ABE69DDD213DE95B00C7206D /* Release */,
			);
			defaultConfigurationIsVisible = 0;
			defaultConfigurationName = Release;
		};
		ABE69DDE213DE95B00C7206D /* Build configuration list for PBXNativeTarget "testWork" */ = {
			isa = XCConfigurationList;
			buildConfigurations = (
				ABE69DDF213DE95B00C7206D /* Debug */,
				ABE69DE0213DE95B00C7206D /* Release */,
			);
			defaultConfigurationIsVisible = 0;
			defaultConfigurationName = Release;
		};
/* End XCConfigurationList section */
	};
	rootObject = ABE69DC4213DE95800C7206D /* Project object */;
}
